{
  "name": "http_ece",
  "version": "1.1.0",
  "lockfileVersion": 3,
  "requires": true,
  "packages": {
    "": {
      "name": "http_ece",
      "version": "1.1.0",
      "license": "MIT",
      "dependencies": {
        "urlsafe-base64": "~1.0.0"
      },
      "engines": {
        "node": ">=16"
      }
    },
    "node_modules/urlsafe-base64": {
      "version": "1.0.0",
      "resolved": "https://registry.npmjs.org/urlsafe-base64/-/urlsafe-base64-1.0.0.tgz",
      "integrity": "sha512-RtuPeMy7c1UrHwproMZN9gN6kiZ0SvJwRaEzwZY0j9MypEkFqyBaKv176jvlPtg58Zh36bOkS0NFABXMHvvGCA=="
    }
  }
}
